
Microsoft Visual Studio Solution File, Format Version 12.00
# Visual Studio Version 17
VisualStudioVersion = 17.10.34902.84
MinimumVisualStudioVersion = 10.0.40219.1
Project("{FAE04EC0-301F-11D3-BF4B-00C04F79EFBC}") = "InventoryManagment", "InventoryManagment\InventoryManagment.csproj", "{27EABC5B-6A76-47C3-B08E-6583D17A4D50}"
EndProject
Global
	GlobalSection(SolutionConfigurationPlatforms) = preSolution
		Debug|Any CPU = Debug|Any CPU
		Release|Any CPU = Release|Any CPU
	EndGlobalSection
	GlobalSection(ProjectConfigurationPlatforms) = postSolution
		{27EABC5B-6A76-47C3-B08E-6583D17A4D50}.Debug|Any CPU.ActiveCfg = Debug|Any CPU
		{27EABC5B-6A76-47C3-B08E-6583D17A4D50}.Debug|Any CPU.Build.0 = Debug|Any CPU
		{27EABC5B-6A76-47C3-B08E-6583D17A4D50}.Release|Any CPU.ActiveCfg = Release|Any CPU
		{27EABC5B-6A76-47C3-B08E-6583D17A4D50}.Release|Any CPU.Build.0 = Release|Any CPU
	EndGlobalSection
	GlobalSection(SolutionProperties) = preSolution
		HideSolutionNode = FALSE
	EndGlobalSection
	GlobalSection(ExtensibilityGlobals) = postSolution
		SolutionGuid = {4CB1754D-5420-482A-9B93-4286BCAAEDEA}
	EndGlobalSection
EndGlobal
